
Microsoft Visual Studio Solution File, Format Version 12.00
# Visual Studio Version 17
VisualStudioVersion = 17.6.33717.318
MinimumVisualStudioVersion = 10.0.40219.1
Project("{9A19103F-16F7-4668-BE54-9A1E7A4F7556}") = "IMS.WebApp", "IMS.WebApp\IMS.WebApp.csproj", "{66F91BA9-C835-4648-A7B7-00EDFC16F4EF}"
EndProject
Project("{9A19103F-16F7-4668-BE54-9A1E7A4F7556}") = "IMS.UseCases", "IMS.UseCases\IMS.UseCases.csproj", "{8BBEF2AC-225E-4272-9294-82496A964445}"
EndProject
Project("{9A19103F-16F7-4668-BE54-9A1E7A4F7556}") = "IMS.CoreBusiness", "IMS.CoreBusiness\IMS.CoreBusiness.csproj", "{DF446CEC-9C2A-4EB5-8A3D-C7CE7B236E89}"
EndProject
Project("{2150E333-8FDC-42A3-9474-1A3956D46DE8}") = "IMS.Plugins", "IMS.Plugins", "{81E298FB-3201-4B92-92BA-0DA38D378103}"
EndProject
Project("{9A19103F-16F7-4668-BE54-9A1E7A4F7556}") = "IMS.Plugins.InMemory", "IMS.Plugins\IMS.Plugins.InMemory\IMS.Plugins.InMemory.csproj", "{95EE413B-19CD-4F9D-914C-A1464280230F}"
EndProject
Global
	GlobalSection(SolutionConfigurationPlatforms) = preSolution
		Debug|Any CPU = Debug|Any CPU
		Release|Any CPU = Release|Any CPU
	EndGlobalSection
	GlobalSection(ProjectConfigurationPlatforms) = postSolution
		{66F91BA9-C835-4648-A7B7-00EDFC16F4EF}.Debug|Any CPU.ActiveCfg = Debug|Any CPU
		{66F91BA9-C835-4648-A7B7-00EDFC16F4EF}.Debug|Any CPU.Build.0 = Debug|Any CPU
		{66F91BA9-C835-4648-A7B7-00EDFC16F4EF}.Release|Any CPU.ActiveCfg = Release|Any CPU
		{66F91BA9-C835-4648-A7B7-00EDFC16F4EF}.Release|Any CPU.Build.0 = Release|Any CPU
		{8BBEF2AC-225E-4272-9294-82496A964445}.Debug|Any CPU.ActiveCfg = Debug|Any CPU
		{8BBEF2AC-225E-4272-9294-82496A964445}.Debug|Any CPU.Build.0 = Debug|Any CPU
		{8BBEF2AC-225E-4272-9294-82496A964445}.Release|Any CPU.ActiveCfg = Release|Any CPU
		{8BBEF2AC-225E-4272-9294-82496A964445}.Release|Any CPU.Build.0 = Release|Any CPU
		{DF446CEC-9C2A-4EB5-8A3D-C7CE7B236E89}.Debug|Any CPU.ActiveCfg = Debug|Any CPU
		{DF446CEC-9C2A-4EB5-8A3D-C7CE7B236E89}.Debug|Any CPU.Build.0 = Debug|Any CPU
		{DF446CEC-9C2A-4EB5-8A3D-C7CE7B236E89}.Release|Any CPU.ActiveCfg = Release|Any CPU
		{DF446CEC-9C2A-4EB5-8A3D-C7CE7B236E89}.Release|Any CPU.Build.0 = Release|Any CPU
		{95EE413B-19CD-4F9D-914C-A1464280230F}.Debug|Any CPU.ActiveCfg = Debug|Any CPU
		{95EE413B-19CD-4F9D-914C-A1464280230F}.Debug|Any CPU.Build.0 = Debug|Any CPU
		{95EE413B-19CD-4F9D-914C-A1464280230F}.Release|Any CPU.ActiveCfg = Release|Any CPU
		{95EE413B-19CD-4F9D-914C-A1464280230F}.Release|Any CPU.Build.0 = Release|Any CPU
	EndGlobalSection
	GlobalSection(SolutionProperties) = preSolution
		HideSolutionNode = FALSE
	EndGlobalSection
	GlobalSection(NestedProjects) = preSolution
		{95EE413B-19CD-4F9D-914C-A1464280230F} = {81E298FB-3201-4B92-92BA-0DA38D378103}
	EndGlobalSection
	GlobalSection(ExtensibilityGlobals) = postSolution
		SolutionGuid = {80C9F12D-3E7C-452A-83C8-CA319386F4B7}
	EndGlobalSection
EndGlobal
